schema: '2.0'
stages:
  data_ingestion:
    cmd: python src/cnnClassifier/pipeline/stage_01_data_ingestion.py
    deps:
    - path: config/config.yaml
      hash: md5
      md5: eba3aa659686ee3bf739a1264e233c66
      size: 814
    - path: src/cnnClassifier/pipeline/stage_01_data_ingestion.py
      hash: md5
      md5: 47cb33b59e23e81d9011b6d396cd381b
      size: 908
    outs:
    - path: artifacts/data_ingestion/Chicken-fecal-images
      hash: md5
      md5: 9e1f8dd2eae3c29e9d635df89d438ae4.dir
      size: 12207807
      nfiles: 390
  prepare_base_model:
    cmd: python src/cnnClassifier/pipeline/stage_02_prepare_base_model.py
    deps:
    - path: config/config.yaml
      hash: md5
      md5: eba3aa659686ee3bf739a1264e233c66
      size: 814
    - path: src/cnnClassifier/pipeline/stage_02_prepare_base_model.py
      hash: md5
      md5: add753b2a51a0613c4020cbe5e1ca7ba
      size: 948
    params:
      params.yaml:
        CLASSES: 2
        IMAGE_SIZE:
        - 224
        - 224
        - 3
        INCLUDE_TOP: false
        LEARNING_RATE: 0.01
        WEIGHTS: imagenet
    outs:
    - path: artifacts/prepare_base_model
      hash: md5
      md5: 4d8c53679acb459d3fea27d4a62ca4f4.dir
      size: 118073464
      nfiles: 2
  training:
    cmd: python src/cnnClassifier/pipeline/stage_03_training.py
    deps:
    - path: artifacts/data_ingestion/Chicken-fecal-images
      hash: md5
      md5: 9e1f8dd2eae3c29e9d635df89d438ae4.dir
      size: 12207807
      nfiles: 390
    - path: artifacts/prepare_base_model
      hash: md5
      md5: 4d8c53679acb459d3fea27d4a62ca4f4.dir
      size: 118073464
      nfiles: 2
    - path: config/config.yaml
      hash: md5
      md5: eba3aa659686ee3bf739a1264e233c66
      size: 814
    - path: src/cnnClassifier/components/prepare_callbacks.py
      hash: md5
      md5: f0a14f2801946ceba30907b3ebfbda9f
      size: 1468
    - path: src/cnnClassifier/pipeline/stage_03_training.py
      hash: md5
      md5: 08130511a7e7773106befadf9b977f15
      size: 1252
    params:
      params.yaml:
        AUGMENTATION: true
        BATCH_SIZE: 16
        EPOCHS: 25
        IMAGE_SIZE:
        - 224
        - 224
        - 3
    outs:
    - path: artifacts/training/model.h5
      hash: md5
      md5: dd74cb6cc0b7ba1befb5f2572b4d4dbc
      size: 59551208
  evaluation:
    cmd: python src/cnnClassifier/pipeline/stage_04_evaluation.py
    deps:
    - path: artifacts/data_ingestion/Chicken-fecal-images
      hash: md5
      md5: 9e1f8dd2eae3c29e9d635df89d438ae4.dir
      size: 12207807
      nfiles: 390
    - path: artifacts/training/model.h5
      hash: md5
      md5: dd74cb6cc0b7ba1befb5f2572b4d4dbc
      size: 59551208
    - path: config/config.yaml
      hash: md5
      md5: eba3aa659686ee3bf739a1264e233c66
      size: 814
    - path: src/cnnClassifier/pipeline/stage_04_evaluation.py
      hash: md5
      md5: 18d8a46a52eb6a0e625b1890cfa263c5
      size: 883
    params:
      params.yaml:
        BATCH_SIZE: 16
        IMAGE_SIZE:
        - 224
        - 224
        - 3
    outs:
    - path: scores.json
      hash: md5
      md5: 32afd1dff0711022a333767c04f11f3b
      size: 74
